// !$*UTF8*$!
{
	archiveVersion = 1;
	classes = {
	};
	objectVersion = 56;
	objects = {

/* Begin PBXBuildFile section */
		A9405C9B2A6300E100868EFB /* CircleImage.swift in Sources */ = {isa = PBXBuildFile; fileRef = A9405C9A2A6300E100868EFB /* CircleImage.swift */; };
		A9405C9D2A63018000868EFB /* MapView.swift in Sources */ = {isa = PBXBuildFile; fileRef = A9405C9C2A63018000868EFB /* MapView.swift */; };
		A9405C9F2A6306B200868EFB /* landmarkData.json in Resources */ = {isa = PBXBuildFile; fileRef = A9405C9E2A6306B200868EFB /* landmarkData.json */; };
		A9405CA32A63072400868EFB /* Landmark.swift in Sources */ = {isa = PBXBuildFile; fileRef = A9405CA22A63072400868EFB /* Landmark.swift */; };
		A9405CA62A630CD900868EFB /* NetworkManager.swift in Sources */ = {isa = PBXBuildFile; fileRef = A9405CA52A630CD900868EFB /* NetworkManager.swift */; };
		A993426D2A62FB6300DF039E /* SwiftUIBaseProjectApp.swift in Sources */ = {isa = PBXBuildFile; fileRef = A993426C2A62FB6300DF039E /* SwiftUIBaseProjectApp.swift */; };
		A993426F2A62FB6300DF039E /* ContentView.swift in Sources */ = {isa = PBXBuildFile; fileRef = A993426E2A62FB6300DF039E /* ContentView.swift */; };
		A99342712A62FB6500DF039E /* Assets.xcassets in Resources */ = {isa = PBXBuildFile; fileRef = A99342702A62FB6500DF039E /* Assets.xcassets */; };
		A99342742A62FB6500DF039E /* Preview Assets.xcassets in Resources */ = {isa = PBXBuildFile; fileRef = A99342732A62FB6500DF039E /* Preview Assets.xcassets */; };
		A9C30A492A64093600EEE1DF /* LandmarkRow.swift in Sources */ = {isa = PBXBuildFile; fileRef = A9C30A482A64093600EEE1DF /* LandmarkRow.swift */; };
		A9C30A4C2A64099C00EEE1DF /* LandmarkRowViewModel.swift in Sources */ = {isa = PBXBuildFile; fileRef = A9C30A4B2A64099C00EEE1DF /* LandmarkRowViewModel.swift */; };
		A9C30A4E2A640CA400EEE1DF /* LandmarkList.swift in Sources */ = {isa = PBXBuildFile; fileRef = A9C30A4D2A640CA400EEE1DF /* LandmarkList.swift */; };
		A9C30A502A640CAC00EEE1DF /* LandmarkListViewModel.swift in Sources */ = {isa = PBXBuildFile; fileRef = A9C30A4F2A640CAC00EEE1DF /* LandmarkListViewModel.swift */; };
		A9C30A532A641C7400EEE1DF /* LandmarkDetailViewModel.swift in Sources */ = {isa = PBXBuildFile; fileRef = A9C30A522A641C7300EEE1DF /* LandmarkDetailViewModel.swift */; };
		A9C30A562A641C7E00EEE1DF /* LandmarkDetail.swift in Sources */ = {isa = PBXBuildFile; fileRef = A9C30A552A641C7E00EEE1DF /* LandmarkDetail.swift */; };
		A9C30A592A641DA200EEE1DF /* CircleImageViewModel.swift in Sources */ = {isa = PBXBuildFile; fileRef = A9C30A582A641DA200EEE1DF /* CircleImageViewModel.swift */; };
		A9C30A5B2A641ECF00EEE1DF /* MapViewModel.swift in Sources */ = {isa = PBXBuildFile; fileRef = A9C30A5A2A641ECF00EEE1DF /* MapViewModel.swift */; };
		A9C30A5E2A64206600EEE1DF /* Landmark+Coordinates.swift in Sources */ = {isa = PBXBuildFile; fileRef = A9C30A5D2A64206600EEE1DF /* Landmark+Coordinates.swift */; };
/* End PBXBuildFile section */

/* Begin PBXFileReference section */
		A9405C9A2A6300E100868EFB /* CircleImage.swift */ = {isa = PBXFileReference; lastKnownFileType = sourcecode.swift; path = CircleImage.swift; sourceTree = "<group>"; };
		A9405C9C2A63018000868EFB /* MapView.swift */ = {isa = PBXFileReference; lastKnownFileType = sourcecode.swift; path = MapView.swift; sourceTree = "<group>"; };
		A9405C9E2A6306B200868EFB /* landmarkData.json */ = {isa = PBXFileReference; fileEncoding = 4; lastKnownFileType = text.json; path = landmarkData.json; sourceTree = "<group>"; };
		A9405CA22A63072400868EFB /* Landmark.swift */ = {isa = PBXFileReference; lastKnownFileType = sourcecode.swift; path = Landmark.swift; sourceTree = "<group>"; };
		A9405CA52A630CD900868EFB /* NetworkManager.swift */ = {isa = PBXFileReference; lastKnownFileType = sourcecode.swift; path = NetworkManager.swift; sourceTree = "<group>"; };
		A99342692A62FB6300DF039E /* SwiftUIBaseProject.app */ = {isa = PBXFileReference; explicitFileType = wrapper.application; includeInIndex = 0; path = SwiftUIBaseProject.app; sourceTree = BUILT_PRODUCTS_DIR; };
		A993426C2A62FB6300DF039E /* SwiftUIBaseProjectApp.swift */ = {isa = PBXFileReference; lastKnownFileType = sourcecode.swift; path = SwiftUIBaseProjectApp.swift; sourceTree = "<group>"; };
		A993426E2A62FB6300DF039E /* ContentView.swift */ = {isa = PBXFileReference; lastKnownFileType = sourcecode.swift; path = ContentView.swift; sourceTree = "<group>"; };
		A99342702A62FB6500DF039E /* Assets.xcassets */ = {isa = PBXFileReference; lastKnownFileType = folder.assetcatalog; path = Assets.xcassets; sourceTree = "<group>"; };
		A99342732A62FB6500DF039E /* Preview Assets.xcassets */ = {isa = PBXFileReference; lastKnownFileType = folder.assetcatalog; path = "Preview Assets.xcassets"; sourceTree = "<group>"; };
		A9C30A482A64093600EEE1DF /* LandmarkRow.swift */ = {isa = PBXFileReference; lastKnownFileType = sourcecode.swift; path = LandmarkRow.swift; sourceTree = "<group>"; };
		A9C30A4B2A64099C00EEE1DF /* LandmarkRowViewModel.swift */ = {isa = PBXFileReference; lastKnownFileType = sourcecode.swift; path = LandmarkRowViewModel.swift; sourceTree = "<group>"; };
		A9C30A4D2A640CA400EEE1DF /* LandmarkList.swift */ = {isa = PBXFileReference; lastKnownFileType = sourcecode.swift; path = LandmarkList.swift; sourceTree = "<group>"; };
		A9C30A4F2A640CAC00EEE1DF /* LandmarkListViewModel.swift */ = {isa = PBXFileReference; lastKnownFileType = sourcecode.swift; path = LandmarkListViewModel.swift; sourceTree = "<group>"; };
		A9C30A522A641C7300EEE1DF /* LandmarkDetailViewModel.swift */ = {isa = PBXFileReference; lastKnownFileType = sourcecode.swift; path = LandmarkDetailViewModel.swift; sourceTree = "<group>"; };
		A9C30A552A641C7E00EEE1DF /* LandmarkDetail.swift */ = {isa = PBXFileReference; lastKnownFileType = sourcecode.swift; path = LandmarkDetail.swift; sourceTree = "<group>"; };
		A9C30A582A641DA200EEE1DF /* CircleImageViewModel.swift */ = {isa = PBXFileReference; lastKnownFileType = sourcecode.swift; path = CircleImageViewModel.swift; sourceTree = "<group>"; };
		A9C30A5A2A641ECF00EEE1DF /* MapViewModel.swift */ = {isa = PBXFileReference; lastKnownFileType = sourcecode.swift; path = MapViewModel.swift; sourceTree = "<group>"; };
		A9C30A5D2A64206600EEE1DF /* Landmark+Coordinates.swift */ = {isa = PBXFileReference; lastKnownFileType = sourcecode.swift; path = "Landmark+Coordinates.swift"; sourceTree = "<group>"; };
/* End PBXFileReference section */

/* Begin PBXFrameworksBuildPhase section */
		A99342662A62FB6300DF039E /* Frameworks */ = {
			isa = PBXFrameworksBuildPhase;
			buildActionMask = 2147483647;
			files = (
			);
			runOnlyForDeploymentPostprocessing = 0;
		};
/* End PBXFrameworksBuildPhase section */

/* Begin PBXGroup section */
		A9405CA02A6306C100868EFB /* Supporting Files */ = {
			isa = PBXGroup;
			children = (
				A993426C2A62FB6300DF039E /* SwiftUIBaseProjectApp.swift */,
				A99342702A62FB6500DF039E /* Assets.xcassets */,
			);
			path = "Supporting Files";
			sourceTree = "<group>";
		};
		A9405CA12A6306D900868EFB /* Views */ = {
			isa = PBXGroup;
			children = (
				A9C30A572A641D9900EEE1DF /* CircleImage */,
				A9C30A5C2A641ED100EEE1DF /* MapView */,
				A9C30A4A2A64099300EEE1DF /* LandmarkRow */,
			);
			path = Views;
			sourceTree = "<group>";
		};
		A9405CA42A63072600868EFB /* Model */ = {
			isa = PBXGroup;
			children = (
				A9405CA22A63072400868EFB /* Landmark.swift */,
				A9C30A5D2A64206600EEE1DF /* Landmark+Coordinates.swift */,
			);
			path = Model;
			sourceTree = "<group>";
		};
		A9405CA72A630DCC00868EFB /* Manager */ = {
			isa = PBXGroup;
			children = (
				A9405CA52A630CD900868EFB /* NetworkManager.swift */,
			);
			path = Manager;
			sourceTree = "<group>";
		};
		A9405CA82A630DDB00868EFB /* Resounces */ = {
			isa = PBXGroup;
			children = (
				A9405C9E2A6306B200868EFB /* landmarkData.json */,
			);
			path = Resounces;
			sourceTree = "<group>";
		};
		A99342602A62FB6300DF039E = {
			isa = PBXGroup;
			children = (
				A993426B2A62FB6300DF039E /* SwiftUIBaseProject */,
				A993426A2A62FB6300DF039E /* Products */,
			);
			sourceTree = "<group>";
		};
		A993426A2A62FB6300DF039E /* Products */ = {
			isa = PBXGroup;
			children = (
				A99342692A62FB6300DF039E /* SwiftUIBaseProject.app */,
			);
			name = Products;
			sourceTree = "<group>";
		};
		A993426B2A62FB6300DF039E /* SwiftUIBaseProject */ = {
			isa = PBXGroup;
			children = (
				A993426E2A62FB6300DF039E /* ContentView.swift */,
				A9C30A512A640D5800EEE1DF /* LandmarkList */,
				A9C30A542A641C7600EEE1DF /* LandmarkDetail */,
				A9405CA12A6306D900868EFB /* Views */,
				A9405CA42A63072600868EFB /* Model */,
				A9405CA72A630DCC00868EFB /* Manager */,
				A9405CA82A630DDB00868EFB /* Resounces */,
				A9405CA02A6306C100868EFB /* Supporting Files */,
				A99342722A62FB6500DF039E /* Preview Content */,
			);
			path = SwiftUIBaseProject;
			sourceTree = "<group>";
		};
		A99342722A62FB6500DF039E /* Preview Content */ = {
			isa = PBXGroup;
			children = (
				A99342732A62FB6500DF039E /* Preview Assets.xcassets */,
			);
			path = "Preview Content";
			sourceTree = "<group>";
		};
		A9C30A4A2A64099300EEE1DF /* LandmarkRow */ = {
			isa = PBXGroup;
			children = (
				A9C30A482A64093600EEE1DF /* LandmarkRow.swift */,
				A9C30A4B2A64099C00EEE1DF /* LandmarkRowViewModel.swift */,
			);
			path = LandmarkRow;
			sourceTree = "<group>";
		};
		A9C30A512A640D5800EEE1DF /* LandmarkList */ = {
			isa = PBXGroup;
			children = (
				A9C30A4D2A640CA400EEE1DF /* LandmarkList.swift */,
				A9C30A4F2A640CAC00EEE1DF /* LandmarkListViewModel.swift */,
			);
			path = LandmarkList;
			sourceTree = "<group>";
		};
		A9C30A542A641C7600EEE1DF /* LandmarkDetail */ = {
			isa = PBXGroup;
			children = (
				A9C30A552A641C7E00EEE1DF /* LandmarkDetail.swift */,
				A9C30A522A641C7300EEE1DF /* LandmarkDetailViewModel.swift */,
			);
			path = LandmarkDetail;
			sourceTree = "<group>";
		};
		A9C30A572A641D9900EEE1DF /* CircleImage */ = {
			isa = PBXGroup;
			children = (
				A9405C9A2A6300E100868EFB /* CircleImage.swift */,
				A9C30A582A641DA200EEE1DF /* CircleImageViewModel.swift */,
			);
			path = CircleImage;
			sourceTree = "<group>";
		};
		A9C30A5C2A641ED100EEE1DF /* MapView */ = {
			isa = PBXGroup;
			children = (
				A9405C9C2A63018000868EFB /* MapView.swift */,
				A9C30A5A2A641ECF00EEE1DF /* MapViewModel.swift */,
			);
			path = MapView;
			sourceTree = "<group>";
		};
/* End PBXGroup section */

/* Begin PBXNativeTarget section */
		A99342682A62FB6300DF039E /* SwiftUIBaseProject */ = {
			isa = PBXNativeTarget;
			buildConfigurationList = A99342772A62FB6500DF039E /* Build configuration list for PBXNativeTarget "SwiftUIBaseProject" */;
			buildPhases = (
				A99342652A62FB6300DF039E /* Sources */,
				A99342662A62FB6300DF039E /* Frameworks */,
				A99342672A62FB6300DF039E /* Resources */,
			);
			buildRules = (
			);
			dependencies = (
			);
			name = SwiftUIBaseProject;
			productName = SwiftUIBaseProject;
			productReference = A99342692A62FB6300DF039E /* SwiftUIBaseProject.app */;
			productType = "com.apple.product-type.application";
		};
/* End PBXNativeTarget section */

/* Begin PBXProject section */
		A99342612A62FB6300DF039E /* Project object */ = {
			isa = PBXProject;
			attributes = {
				BuildIndependentTargetsInParallel = 1;
				LastSwiftUpdateCheck = 1430;
				LastUpgradeCheck = 1430;
				TargetAttributes = {
					A99342682A62FB6300DF039E = {
						CreatedOnToolsVersion = 14.3;
					};
				};
			};
			buildConfigurationList = A99342642A62FB6300DF039E /* Build configuration list for PBXProject "SwiftUIBaseProject" */;
			compatibilityVersion = "Xcode 14.0";
			developmentRegion = en;
			hasScannedForEncodings = 0;
			knownRegions = (
				en,
				Base,
			);
			mainGroup = A99342602A62FB6300DF039E;
			productRefGroup = A993426A2A62FB6300DF039E /* Products */;
			projectDirPath = "";
			projectRoot = "";
			targets = (
				A99342682A62FB6300DF039E /* SwiftUIBaseProject */,
			);
		};
/* End PBXProject section */

/* Begin PBXResourcesBuildPhase section */
		A99342672A62FB6300DF039E /* Resources */ = {
			isa = PBXResourcesBuildPhase;
			buildActionMask = 2147483647;
			files = (
				A99342742A62FB6500DF039E /* Preview Assets.xcassets in Resources */,
				A99342712A62FB6500DF039E /* Assets.xcassets in Resources */,
				A9405C9F2A6306B200868EFB /* landmarkData.json in Resources */,
			);
			runOnlyForDeploymentPostprocessing = 0;
		};
/* End PBXResourcesBuildPhase section */

/* Begin PBXSourcesBuildPhase section */
		A99342652A62FB6300DF039E /* Sources */ = {
			isa = PBXSourcesBuildPhase;
			buildActionMask = 2147483647;
			files = (
				A9405CA62A630CD900868EFB /* NetworkManager.swift in Sources */,
				A9C30A5E2A64206600EEE1DF /* Landmark+Coordinates.swift in Sources */,
				A993426F2A62FB6300DF039E /* ContentView.swift in Sources */,
				A9C30A532A641C7400EEE1DF /* LandmarkDetailViewModel.swift in Sources */,
				A9C30A502A640CAC00EEE1DF /* LandmarkListViewModel.swift in Sources */,
				A9C30A592A641DA200EEE1DF /* CircleImageViewModel.swift in Sources */,
				A9C30A562A641C7E00EEE1DF /* LandmarkDetail.swift in Sources */,
				A9405C9D2A63018000868EFB /* MapView.swift in Sources */,
				A9C30A4C2A64099C00EEE1DF /* LandmarkRowViewModel.swift in Sources */,
				A9C30A4E2A640CA400EEE1DF /* LandmarkList.swift in Sources */,
				A993426D2A62FB6300DF039E /* SwiftUIBaseProjectApp.swift in Sources */,
				A9405C9B2A6300E100868EFB /* CircleImage.swift in Sources */,
				A9C30A5B2A641ECF00EEE1DF /* MapViewModel.swift in Sources */,
				A9C30A492A64093600EEE1DF /* LandmarkRow.swift in Sources */,
				A9405CA32A63072400868EFB /* Landmark.swift in Sources */,
			);
			runOnlyForDeploymentPostprocessing = 0;
		};
/* End PBXSourcesBuildPhase section */

/* Begin XCBuildConfiguration section */
		A99342752A62FB6500DF039E /* Debug */ = {
			isa = XCBuildConfiguration;
			buildSettings = {
				ALWAYS_SEARCH_USER_PATHS = NO;
				CLANG_ANALYZER_NONNULL = YES;
				CLANG_ANALYZER_NUMBER_OBJECT_CONVERSION = YES_AGGRESSIVE;
				CLANG_CXX_LANGUAGE_STANDARD = "gnu++20";
				CLANG_ENABLE_MODULES = YES;
				CLANG_ENABLE_OBJC_ARC = YES;
				CLANG_ENABLE_OBJC_WEAK = YES;
				CLANG_WARN_BLOCK_CAPTURE_AUTORELEASING = YES;
				CLANG_WARN_BOOL_CONVERSION = YES;
				CLANG_WARN_COMMA = YES;
				CLANG_WARN_CONSTANT_CONVERSION = YES;
				CLANG_WARN_DEPRECATED_OBJC_IMPLEMENTATIONS = YES;
				CLANG_WARN_DIRECT_OBJC_ISA_USAGE = YES_ERROR;
				CLANG_WARN_DOCUMENTATION_COMMENTS = YES;
				CLANG_WARN_EMPTY_BODY = YES;
				CLANG_WARN_ENUM_CONVERSION = YES;
				CLANG_WARN_INFINITE_RECURSION = YES;
				CLANG_WARN_INT_CONVERSION = YES;
				CLANG_WARN_NON_LITERAL_NULL_CONVERSION = YES;
				CLANG_WARN_OBJC_IMPLICIT_RETAIN_SELF = YES;
				CLANG_WARN_OBJC_LITERAL_CONVERSION = YES;
				CLANG_WARN_OBJC_ROOT_CLASS = YES_ERROR;
				CLANG_WARN_QUOTED_INCLUDE_IN_FRAMEWORK_HEADER = YES;
				CLANG_WARN_RANGE_LOOP_ANALYSIS = YES;
				CLANG_WARN_STRICT_PROTOTYPES = YES;
				CLANG_WARN_SUSPICIOUS_MOVE = YES;
				CLANG_WARN_UNGUARDED_AVAILABILITY = YES_AGGRESSIVE;
				CLANG_WARN_UNREACHABLE_CODE = YES;
				CLANG_WARN__DUPLICATE_METHOD_MATCH = YES;
				COPY_PHASE_STRIP = NO;
				DEBUG_INFORMATION_FORMAT = dwarf;
				ENABLE_STRICT_OBJC_MSGSEND = YES;
				ENABLE_TESTABILITY = YES;
				GCC_C_LANGUAGE_STANDARD = gnu11;
				GCC_DYNAMIC_NO_PIC = NO;
				GCC_NO_COMMON_BLOCKS = YES;
				GCC_OPTIMIZATION_LEVEL = 0;
				GCC_PREPROCESSOR_DEFINITIONS = (
					"DEBUG=1",
					"$(inherited)",
				);
				GCC_WARN_64_TO_32_BIT_CONVERSION = YES;
				GCC_WARN_ABOUT_RETURN_TYPE = YES_ERROR;
				GCC_WARN_UNDECLARED_SELECTOR = YES;
				GCC_WARN_UNINITIALIZED_AUTOS = YES_AGGRESSIVE;
				GCC_WARN_UNUSED_FUNCTION = YES;
				GCC_WARN_UNUSED_VARIABLE = YES;
				IPHONEOS_DEPLOYMENT_TARGET = 16.4;
				MTL_ENABLE_DEBUG_INFO = INCLUDE_SOURCE;
				MTL_FAST_MATH = YES;
				ONLY_ACTIVE_ARCH = YES;
				SDKROOT = iphoneos;
				SWIFT_ACTIVE_COMPILATION_CONDITIONS = DEBUG;
				SWIFT_OPTIMIZATION_LEVEL = "-Onone";
			};
			name = Debug;
		};
		A99342762A62FB6500DF039E /* Release */ = {
			isa = XCBuildConfiguration;
			buildSettings = {
				ALWAYS_SEARCH_USER_PATHS = NO;
				CLANG_ANALYZER_NONNULL = YES;
				CLANG_ANALYZER_NUMBER_OBJECT_CONVERSION = YES_AGGRESSIVE;
				CLANG_CXX_LANGUAGE_STANDARD = "gnu++20";
				CLANG_ENABLE_MODULES = YES;
				CLANG_ENABLE_OBJC_ARC = YES;
				CLANG_ENABLE_OBJC_WEAK = YES;
				CLANG_WARN_BLOCK_CAPTURE_AUTORELEASING = YES;
				CLANG_WARN_BOOL_CONVERSION = YES;
				CLANG_WARN_COMMA = YES;
				CLANG_WARN_CONSTANT_CONVERSION = YES;
				CLANG_WARN_DEPRECATED_OBJC_IMPLEMENTATIONS = YES;
				CLANG_WARN_DIRECT_OBJC_ISA_USAGE = YES_ERROR;
				CLANG_WARN_DOCUMENTATION_COMMENTS = YES;
				CLANG_WARN_EMPTY_BODY = YES;
				CLANG_WARN_ENUM_CONVERSION = YES;
				CLANG_WARN_INFINITE_RECURSION = YES;
				CLANG_WARN_INT_CONVERSION = YES;
				CLANG_WARN_NON_LITERAL_NULL_CONVERSION = YES;
				CLANG_WARN_OBJC_IMPLICIT_RETAIN_SELF = YES;
				CLANG_WARN_OBJC_LITERAL_CONVERSION = YES;
				CLANG_WARN_OBJC_ROOT_CLASS = YES_ERROR;
				CLANG_WARN_QUOTED_INCLUDE_IN_FRAMEWORK_HEADER = YES;
				CLANG_WARN_RANGE_LOOP_ANALYSIS = YES;
				CLANG_WARN_STRICT_PROTOTYPES = YES;
				CLANG_WARN_SUSPICIOUS_MOVE = YES;
				CLANG_WARN_UNGUARDED_AVAILABILITY = YES_AGGRESSIVE;
				CLANG_WARN_UNREACHABLE_CODE = YES;
				CLANG_WARN__DUPLICATE_METHOD_MATCH = YES;
				COPY_PHASE_STRIP = NO;
				DEBUG_INFORMATION_FORMAT = "dwarf-with-dsym";
				ENABLE_NS_ASSERTIONS = NO;
				ENABLE_STRICT_OBJC_MSGSEND = YES;
				GCC_C_LANGUAGE_STANDARD = gnu11;
				GCC_NO_COMMON_BLOCKS = YES;
				GCC_WARN_64_TO_32_BIT_CONVERSION = YES;
				GCC_WARN_ABOUT_RETURN_TYPE = YES_ERROR;
				GCC_WARN_UNDECLARED_SELECTOR = YES;
				GCC_WARN_UNINITIALIZED_AUTOS = YES_AGGRESSIVE;
				GCC_WARN_UNUSED_FUNCTION = YES;
				GCC_WARN_UNUSED_VARIABLE = YES;
				IPHONEOS_DEPLOYMENT_TARGET = 16.4;
				MTL_ENABLE_DEBUG_INFO = NO;
				MTL_FAST_MATH = YES;
				SDKROOT = iphoneos;
				SWIFT_COMPILATION_MODE = wholemodule;
				SWIFT_OPTIMIZATION_LEVEL = "-O";
				VALIDATE_PRODUCT = YES;
			};
			name = Release;
		};
		A99342782A62FB6500DF039E /* Debug */ = {
			isa = XCBuildConfiguration;
			buildSettings = {
				ASSETCATALOG_COMPILER_APPICON_NAME = AppIcon;
				ASSETCATALOG_COMPILER_GLOBAL_ACCENT_COLOR_NAME = AccentColor;
				CODE_SIGN_STYLE = Automatic;
				CURRENT_PROJECT_VERSION = 1;
				DEVELOPMENT_ASSET_PATHS = "\"SwiftUIBaseProject/Preview Content\"";
				DEVELOPMENT_TEAM = CY87MBJTCB;
				ENABLE_PREVIEWS = YES;
				GENERATE_INFOPLIST_FILE = YES;
				INFOPLIST_KEY_UIApplicationSceneManifest_Generation = YES;
				INFOPLIST_KEY_UIApplicationSupportsIndirectInputEvents = YES;
				INFOPLIST_KEY_UILaunchScreen_Generation = YES;
				INFOPLIST_KEY_UISupportedInterfaceOrientations_iPad = "UIInterfaceOrientationPortrait UIInterfaceOrientationPortraitUpsideDown UIInterfaceOrientationLandscapeLeft UIInterfaceOrientationLandscapeRight";
				INFOPLIST_KEY_UISupportedInterfaceOrientations_iPhone = "UIInterfaceOrientationPortrait UIInterfaceOrientationLandscapeLeft UIInterfaceOrientationLandscapeRight";
				LD_RUNPATH_SEARCH_PATHS = (
					"$(inherited)",
					"@executable_path/Frameworks",
				);
				MARKETING_VERSION = 1.0;
				PRODUCT_BUNDLE_IDENTIFIER = irklch.SwiftUIBaseProject;
				PRODUCT_NAME = "$(TARGET_NAME)";
				SWIFT_EMIT_LOC_STRINGS = YES;
				SWIFT_VERSION = 5.0;
				TARGETED_DEVICE_FAMILY = "1,2";
			};
			name = Debug;
		};
		A99342792A62FB6500DF039E /* Release */ = {
			isa = XCBuildConfiguration;
			buildSettings = {
				ASSETCATALOG_COMPILER_APPICON_NAME = AppIcon;
				ASSETCATALOG_COMPILER_GLOBAL_ACCENT_COLOR_NAME = AccentColor;
				CODE_SIGN_STYLE = Automatic;
				CURRENT_PROJECT_VERSION = 1;
				DEVELOPMENT_ASSET_PATHS = "\"SwiftUIBaseProject/Preview Content\"";
				DEVELOPMENT_TEAM = CY87MBJTCB;
				ENABLE_PREVIEWS = YES;
				GENERATE_INFOPLIST_FILE = YES;
				INFOPLIST_KEY_UIApplicationSceneManifest_Generation = YES;
				INFOPLIST_KEY_UIApplicationSupportsIndirectInputEvents = YES;
				INFOPLIST_KEY_UILaunchScreen_Generation = YES;
				INFOPLIST_KEY_UISupportedInterfaceOrientations_iPad = "UIInterfaceOrientationPortrait UIInterfaceOrientationPortraitUpsideDown UIInterfaceOrientationLandscapeLeft UIInterfaceOrientationLandscapeRight";
				INFOPLIST_KEY_UISupportedInterfaceOrientations_iPhone = "UIInterfaceOrientationPortrait UIInterfaceOrientationLandscapeLeft UIInterfaceOrientationLandscapeRight";
				LD_RUNPATH_SEARCH_PATHS = (
					"$(inherited)",
					"@executable_path/Frameworks",
				);
				MARKETING_VERSION = 1.0;
				PRODUCT_BUNDLE_IDENTIFIER = irklch.SwiftUIBaseProject;
				PRODUCT_NAME = "$(TARGET_NAME)";
				SWIFT_EMIT_LOC_STRINGS = YES;
				SWIFT_VERSION = 5.0;
				TARGETED_DEVICE_FAMILY = "1,2";
			};
			name = Release;
		};
/* End XCBuildConfiguration section */

/* Begin XCConfigurationList section */
		A99342642A62FB6300DF039E /* Build configuration list for PBXProject "SwiftUIBaseProject" */ = {
			isa = XCConfigurationList;
			buildConfigurations = (
				A99342752A62FB6500DF039E /* Debug */,
				A99342762A62FB6500DF039E /* Release */,
			);
			defaultConfigurationIsVisible = 0;
			defaultConfigurationName = Release;
		};
		A99342772A62FB6500DF039E /* Build configuration list for PBXNativeTarget "SwiftUIBaseProject" */ = {
			isa = XCConfigurationList;
			buildConfigurations = (
				A99342782A62FB6500DF039E /* Debug */,
				A99342792A62FB6500DF039E /* Release */,
			);
			defaultConfigurationIsVisible = 0;
			defaultConfigurationName = Release;
		};
/* End XCConfigurationList section */
	};
	rootObject = A99342612A62FB6300DF039E /* Project object */;
}
